github.com/arzumify/webview_go-4.1 v0.0.0-20240425153334-e12795daefc2 h1:yDtRFTJw5KVTCADMjM10fze4K+3G0uZ7gFFLkoVa8UE=
github.com/arzumify/webview_go-4.1 v0.0.0-20240425153334-e12795daefc2/go.mod h1:5oDdOhCdYkLdjNnr/+tZO65M+oUlEa/ddnevtaIb7LM=
github.com/arzumify/webview_go-4.1 v0.0.0-20240425153857-cdb51de8ba32 h1:BmQ/UMgzmODmCqX3wKDGfwlrPWYoL7ZLNY0bYHvhjno=
github.com/arzumify/webview_go-4.1 v0.0.0-20240425153857-cdb51de8ba32/go.mod h1:5oDdOhCdYkLdjNnr/+tZO65M+oUlEa/ddnevtaIb7LM=
